
Microsoft Visual Studio Solution File, Format Version 12.00
# Visual Studio Version 16
VisualStudioVersion = 16.0.32126.315
MinimumVisualStudioVersion = 10.0.40219.1
Project("{FAE04EC0-301F-11D3-BF4B-00C04F79EFBC}") = "Conversao", "Conversao\Conversao.csproj", "{84A0E4C4-0142-497B-B7A5-FAC3EE95B401}"
EndProject
Global
	GlobalSection(SolutionConfigurationPlatforms) = preSolution
		Debug|Any CPU = Debug|Any CPU
		Release|Any CPU = Release|Any CPU
	EndGlobalSection
	GlobalSection(ProjectConfigurationPlatforms) = postSolution
		{84A0E4C4-0142-497B-B7A5-FAC3EE95B401}.Debug|Any CPU.ActiveCfg = Debug|Any CPU
		{84A0E4C4-0142-497B-B7A5-FAC3EE95B401}.Debug|Any CPU.Build.0 = Debug|Any CPU
		{84A0E4C4-0142-497B-B7A5-FAC3EE95B401}.Release|Any CPU.ActiveCfg = Release|Any CPU
		{84A0E4C4-0142-497B-B7A5-FAC3EE95B401}.Release|Any CPU.Build.0 = Release|Any CPU
	EndGlobalSection
	GlobalSection(SolutionProperties) = preSolution
		HideSolutionNode = FALSE
	EndGlobalSection
	GlobalSection(ExtensibilityGlobals) = postSolution
		SolutionGuid = {D9AA54F2-190F-4CDC-A930-6DA1E879B989}
	EndGlobalSection
EndGlobal
