
Microsoft Visual Studio Solution File, Format Version 12.00
# Visual Studio Version 16
VisualStudioVersion = 16.0.32126.315
MinimumVisualStudioVersion = 10.0.40219.1
Project("{FAE04EC0-301F-11D3-BF4B-00C04F79EFBC}") = "ManipularString", "ManipularString\ManipularString.csproj", "{A5ED8E3E-6437-4371-BAB9-02557D97D1A0}"
EndProject
Global
	GlobalSection(SolutionConfigurationPlatforms) = preSolution
		Debug|Any CPU = Debug|Any CPU
		Release|Any CPU = Release|Any CPU
	EndGlobalSection
	GlobalSection(ProjectConfigurationPlatforms) = postSolution
		{A5ED8E3E-6437-4371-BAB9-02557D97D1A0}.Debug|Any CPU.ActiveCfg = Debug|Any CPU
		{A5ED8E3E-6437-4371-BAB9-02557D97D1A0}.Debug|Any CPU.Build.0 = Debug|Any CPU
		{A5ED8E3E-6437-4371-BAB9-02557D97D1A0}.Release|Any CPU.ActiveCfg = Release|Any CPU
		{A5ED8E3E-6437-4371-BAB9-02557D97D1A0}.Release|Any CPU.Build.0 = Release|Any CPU
	EndGlobalSection
	GlobalSection(SolutionProperties) = preSolution
		HideSolutionNode = FALSE
	EndGlobalSection
	GlobalSection(ExtensibilityGlobals) = postSolution
		SolutionGuid = {C8CA900E-D8F5-4055-BF5D-5B298246CA3E}
	EndGlobalSection
EndGlobal
