
Microsoft Visual Studio Solution File, Format Version 12.00
# Visual Studio Version 16
VisualStudioVersion = 16.0.32126.315
MinimumVisualStudioVersion = 10.0.40219.1
Project("{FAE04EC0-301F-11D3-BF4B-00C04F79EFBC}") = "Variaveis", "Variaveis\Variaveis.csproj", "{08C2568A-E35E-4185-88D3-52BBBD65D077}"
EndProject
Global
	GlobalSection(SolutionConfigurationPlatforms) = preSolution
		Debug|Any CPU = Debug|Any CPU
		Release|Any CPU = Release|Any CPU
	EndGlobalSection
	GlobalSection(ProjectConfigurationPlatforms) = postSolution
		{08C2568A-E35E-4185-88D3-52BBBD65D077}.Debug|Any CPU.ActiveCfg = Debug|Any CPU
		{08C2568A-E35E-4185-88D3-52BBBD65D077}.Debug|Any CPU.Build.0 = Debug|Any CPU
		{08C2568A-E35E-4185-88D3-52BBBD65D077}.Release|Any CPU.ActiveCfg = Release|Any CPU
		{08C2568A-E35E-4185-88D3-52BBBD65D077}.Release|Any CPU.Build.0 = Release|Any CPU
	EndGlobalSection
	GlobalSection(SolutionProperties) = preSolution
		HideSolutionNode = FALSE
	EndGlobalSection
	GlobalSection(ExtensibilityGlobals) = postSolution
		SolutionGuid = {121EE964-D47C-4D22-9AA3-48751663ACDB}
	EndGlobalSection
EndGlobal
