
Microsoft Visual Studio Solution File, Format Version 12.00
# Visual Studio Version 16
VisualStudioVersion = 16.0.32126.315
MinimumVisualStudioVersion = 10.0.40219.1
Project("{FAE04EC0-301F-11D3-BF4B-00C04F79EFBC}") = "ClasseObjetos", "ClasseObjetos\ClasseObjetos.csproj", "{FD927142-E345-4076-A57B-CF411A5CBBD0}"
EndProject
Project("{FAE04EC0-301F-11D3-BF4B-00C04F79EFBC}") = "MetodosDasClasses", "MetodosDasClasses\MetodosDasClasses.csproj", "{B86741BC-0726-4FDD-AA83-8304FF1E2945}"
EndProject
Project("{FAE04EC0-301F-11D3-BF4B-00C04F79EFBC}") = "TermoThis", "TermoThis\TermoThis.csproj", "{74E1B6F9-AE11-4343-8692-CD80AB8EC057}"
EndProject
Project("{FAE04EC0-301F-11D3-BF4B-00C04F79EFBC}") = "TipoDelegate", "TipoDelagate\TipoDelegate.csproj", "{82F3B6DC-F271-487A-A178-98B634EEF75E}"
EndProject
Project("{FAE04EC0-301F-11D3-BF4B-00C04F79EFBC}") = "MetodoConstrutor", "MetodoConstrutor\MetodoConstrutor.csproj", "{953D40EB-8C70-4A07-B832-BADC3ED5DA93}"
EndProject
Project("{FAE04EC0-301F-11D3-BF4B-00C04F79EFBC}") = "Estatica", "Estatica\Estatica.csproj", "{F62F4FD1-A0E3-4FB3-9B25-70BA185FD5F8}"
EndProject
Project("{FAE04EC0-301F-11D3-BF4B-00C04F79EFBC}") = "Propriedades", "Propriedades\Propriedades.csproj", "{AB1E68A3-BD3E-4AF2-9878-FC62D3468642}"
EndProject
Project("{FAE04EC0-301F-11D3-BF4B-00C04F79EFBC}") = "Encapsular", "Encapsular\Encapsular.csproj", "{2B578DB9-CBDF-44B1-AD8E-2492BB21567C}"
EndProject
Project("{FAE04EC0-301F-11D3-BF4B-00C04F79EFBC}") = "Heranca", "Heranca\Heranca.csproj", "{DA2CEDEA-887D-4963-B30C-5BD0431D5D48}"
EndProject
Project("{FAE04EC0-301F-11D3-BF4B-00C04F79EFBC}") = "Modificadores", "Modificadores\Modificadores.csproj", "{73ADAA40-8734-4BF6-B93B-025EB2D91237}"
EndProject
Global
	GlobalSection(SolutionConfigurationPlatforms) = preSolution
		Debug|Any CPU = Debug|Any CPU
		Release|Any CPU = Release|Any CPU
	EndGlobalSection
	GlobalSection(ProjectConfigurationPlatforms) = postSolution
		{FD927142-E345-4076-A57B-CF411A5CBBD0}.Debug|Any CPU.ActiveCfg = Debug|Any CPU
		{FD927142-E345-4076-A57B-CF411A5CBBD0}.Debug|Any CPU.Build.0 = Debug|Any CPU
		{FD927142-E345-4076-A57B-CF411A5CBBD0}.Release|Any CPU.ActiveCfg = Release|Any CPU
		{FD927142-E345-4076-A57B-CF411A5CBBD0}.Release|Any CPU.Build.0 = Release|Any CPU
		{B86741BC-0726-4FDD-AA83-8304FF1E2945}.Debug|Any CPU.ActiveCfg = Debug|Any CPU
		{B86741BC-0726-4FDD-AA83-8304FF1E2945}.Debug|Any CPU.Build.0 = Debug|Any CPU
		{B86741BC-0726-4FDD-AA83-8304FF1E2945}.Release|Any CPU.ActiveCfg = Release|Any CPU
		{B86741BC-0726-4FDD-AA83-8304FF1E2945}.Release|Any CPU.Build.0 = Release|Any CPU
		{74E1B6F9-AE11-4343-8692-CD80AB8EC057}.Debug|Any CPU.ActiveCfg = Debug|Any CPU
		{74E1B6F9-AE11-4343-8692-CD80AB8EC057}.Debug|Any CPU.Build.0 = Debug|Any CPU
		{74E1B6F9-AE11-4343-8692-CD80AB8EC057}.Release|Any CPU.ActiveCfg = Release|Any CPU
		{74E1B6F9-AE11-4343-8692-CD80AB8EC057}.Release|Any CPU.Build.0 = Release|Any CPU
		{82F3B6DC-F271-487A-A178-98B634EEF75E}.Debug|Any CPU.ActiveCfg = Debug|Any CPU
		{82F3B6DC-F271-487A-A178-98B634EEF75E}.Debug|Any CPU.Build.0 = Debug|Any CPU
		{82F3B6DC-F271-487A-A178-98B634EEF75E}.Release|Any CPU.ActiveCfg = Release|Any CPU
		{82F3B6DC-F271-487A-A178-98B634EEF75E}.Release|Any CPU.Build.0 = Release|Any CPU
		{953D40EB-8C70-4A07-B832-BADC3ED5DA93}.Debug|Any CPU.ActiveCfg = Debug|Any CPU
		{953D40EB-8C70-4A07-B832-BADC3ED5DA93}.Debug|Any CPU.Build.0 = Debug|Any CPU
		{953D40EB-8C70-4A07-B832-BADC3ED5DA93}.Release|Any CPU.ActiveCfg = Release|Any CPU
		{953D40EB-8C70-4A07-B832-BADC3ED5DA93}.Release|Any CPU.Build.0 = Release|Any CPU
		{F62F4FD1-A0E3-4FB3-9B25-70BA185FD5F8}.Debug|Any CPU.ActiveCfg = Debug|Any CPU
		{F62F4FD1-A0E3-4FB3-9B25-70BA185FD5F8}.Debug|Any CPU.Build.0 = Debug|Any CPU
		{F62F4FD1-A0E3-4FB3-9B25-70BA185FD5F8}.Release|Any CPU.ActiveCfg = Release|Any CPU
		{F62F4FD1-A0E3-4FB3-9B25-70BA185FD5F8}.Release|Any CPU.Build.0 = Release|Any CPU
		{AB1E68A3-BD3E-4AF2-9878-FC62D3468642}.Debug|Any CPU.ActiveCfg = Debug|Any CPU
		{AB1E68A3-BD3E-4AF2-9878-FC62D3468642}.Debug|Any CPU.Build.0 = Debug|Any CPU
		{AB1E68A3-BD3E-4AF2-9878-FC62D3468642}.Release|Any CPU.ActiveCfg = Release|Any CPU
		{AB1E68A3-BD3E-4AF2-9878-FC62D3468642}.Release|Any CPU.Build.0 = Release|Any CPU
		{2B578DB9-CBDF-44B1-AD8E-2492BB21567C}.Debug|Any CPU.ActiveCfg = Debug|Any CPU
		{2B578DB9-CBDF-44B1-AD8E-2492BB21567C}.Debug|Any CPU.Build.0 = Debug|Any CPU
		{2B578DB9-CBDF-44B1-AD8E-2492BB21567C}.Release|Any CPU.ActiveCfg = Release|Any CPU
		{2B578DB9-CBDF-44B1-AD8E-2492BB21567C}.Release|Any CPU.Build.0 = Release|Any CPU
		{DA2CEDEA-887D-4963-B30C-5BD0431D5D48}.Debug|Any CPU.ActiveCfg = Debug|Any CPU
		{DA2CEDEA-887D-4963-B30C-5BD0431D5D48}.Debug|Any CPU.Build.0 = Debug|Any CPU
		{DA2CEDEA-887D-4963-B30C-5BD0431D5D48}.Release|Any CPU.ActiveCfg = Release|Any CPU
		{DA2CEDEA-887D-4963-B30C-5BD0431D5D48}.Release|Any CPU.Build.0 = Release|Any CPU
		{73ADAA40-8734-4BF6-B93B-025EB2D91237}.Debug|Any CPU.ActiveCfg = Debug|Any CPU
		{73ADAA40-8734-4BF6-B93B-025EB2D91237}.Debug|Any CPU.Build.0 = Debug|Any CPU
		{73ADAA40-8734-4BF6-B93B-025EB2D91237}.Release|Any CPU.ActiveCfg = Release|Any CPU
		{73ADAA40-8734-4BF6-B93B-025EB2D91237}.Release|Any CPU.Build.0 = Release|Any CPU
	EndGlobalSection
	GlobalSection(SolutionProperties) = preSolution
		HideSolutionNode = FALSE
	EndGlobalSection
	GlobalSection(ExtensibilityGlobals) = postSolution
		SolutionGuid = {E80D071B-C071-4BC7-8393-E367D6400C3D}
	EndGlobalSection
EndGlobal
